// !$*UTF8*$!
{
	archiveVersion = 1;
	classes = {
	};
	objectVersion = 51;
	objects = {

/* Begin PBXBuildFile section */
		233EADF2235D5BEB00A4E248 /* WeatherLocation.swift in Sources */ = {isa = PBXBuildFile; fileRef = 233EADF1235D5BEB00A4E248 /* WeatherLocation.swift */; };
		233EADF4235E097C00A4E248 /* Constants.swift in Sources */ = {isa = PBXBuildFile; fileRef = 233EADF3235E097C00A4E248 /* Constants.swift */; };
		23C283662355269C002C35DD /* AppDelegate.swift in Sources */ = {isa = PBXBuildFile; fileRef = 23C283652355269C002C35DD /* AppDelegate.swift */; };
		23C2836B2355269C002C35DD /* Main.storyboard in Resources */ = {isa = PBXBuildFile; fileRef = 23C283692355269C002C35DD /* Main.storyboard */; };
		23C2836D2355269D002C35DD /* Assets.xcassets in Resources */ = {isa = PBXBuildFile; fileRef = 23C2836C2355269D002C35DD /* Assets.xcassets */; };
		23C283702355269D002C35DD /* LaunchScreen.storyboard in Resources */ = {isa = PBXBuildFile; fileRef = 23C2836E2355269D002C35DD /* LaunchScreen.storyboard */; };
		23C2837823552733002C35DD /* DetailVC.swift in Sources */ = {isa = PBXBuildFile; fileRef = 23C2837723552733002C35DD /* DetailVC.swift */; };
		23C2837A23552ADA002C35DD /* ListVC.swift in Sources */ = {isa = PBXBuildFile; fileRef = 23C2837923552ADA002C35DD /* ListVC.swift */; };
		23C2837C23552C95002C35DD /* PageVC.swift in Sources */ = {isa = PBXBuildFile; fileRef = 23C2837B23552C95002C35DD /* PageVC.swift */; };
		925943AC9E2A2B5A183D629C /* Pods_Weather_Gift_App.framework in Frameworks */ = {isa = PBXBuildFile; fileRef = 1CBFA553C7EC5B74C5076FD5 /* Pods_Weather_Gift_App.framework */; };
/* End PBXBuildFile section */

/* Begin PBXFileReference section */
		1CBFA553C7EC5B74C5076FD5 /* Pods_Weather_Gift_App.framework */ = {isa = PBXFileReference; explicitFileType = wrapper.framework; includeInIndex = 0; path = Pods_Weather_Gift_App.framework; sourceTree = BUILT_PRODUCTS_DIR; };
		233EADF1235D5BEB00A4E248 /* WeatherLocation.swift */ = {isa = PBXFileReference; lastKnownFileType = sourcecode.swift; path = WeatherLocation.swift; sourceTree = "<group>"; };
		233EADF3235E097C00A4E248 /* Constants.swift */ = {isa = PBXFileReference; lastKnownFileType = sourcecode.swift; path = Constants.swift; sourceTree = "<group>"; };
		23C283622355269C002C35DD /* Weather Gift App.app */ = {isa = PBXFileReference; explicitFileType = wrapper.application; includeInIndex = 0; path = "Weather Gift App.app"; sourceTree = BUILT_PRODUCTS_DIR; };
		23C283652355269C002C35DD /* AppDelegate.swift */ = {isa = PBXFileReference; lastKnownFileType = sourcecode.swift; path = AppDelegate.swift; sourceTree = "<group>"; };
		23C2836A2355269C002C35DD /* Base */ = {isa = PBXFileReference; lastKnownFileType = file.storyboard; name = Base; path = Base.lproj/Main.storyboard; sourceTree = "<group>"; };
		23C2836C2355269D002C35DD /* Assets.xcassets */ = {isa = PBXFileReference; lastKnownFileType = folder.assetcatalog; path = Assets.xcassets; sourceTree = "<group>"; };
		23C2836F2355269D002C35DD /* Base */ = {isa = PBXFileReference; lastKnownFileType = file.storyboard; name = Base; path = Base.lproj/LaunchScreen.storyboard; sourceTree = "<group>"; };
		23C283712355269D002C35DD /* Info.plist */ = {isa = PBXFileReference; lastKnownFileType = text.plist.xml; path = Info.plist; sourceTree = "<group>"; };
		23C2837723552733002C35DD /* DetailVC.swift */ = {isa = PBXFileReference; lastKnownFileType = sourcecode.swift; path = DetailVC.swift; sourceTree = "<group>"; };
		23C2837923552ADA002C35DD /* ListVC.swift */ = {isa = PBXFileReference; lastKnownFileType = sourcecode.swift; path = ListVC.swift; sourceTree = "<group>"; };
		23C2837B23552C95002C35DD /* PageVC.swift */ = {isa = PBXFileReference; lastKnownFileType = sourcecode.swift; path = PageVC.swift; sourceTree = "<group>"; };
		2E82A65B6451EF3560CF8A82 /* Pods-Weather Gift App.debug.xcconfig */ = {isa = PBXFileReference; includeInIndex = 1; lastKnownFileType = text.xcconfig; name = "Pods-Weather Gift App.debug.xcconfig"; path = "Target Support Files/Pods-Weather Gift App/Pods-Weather Gift App.debug.xcconfig"; sourceTree = "<group>"; };
		7632754332A0B24C74230187 /* Pods-Weather Gift App.release.xcconfig */ = {isa = PBXFileReference; includeInIndex = 1; lastKnownFileType = text.xcconfig; name = "Pods-Weather Gift App.release.xcconfig"; path = "Target Support Files/Pods-Weather Gift App/Pods-Weather Gift App.release.xcconfig"; sourceTree = "<group>"; };
/* End PBXFileReference section */

/* Begin PBXFrameworksBuildPhase section */
		23C2835F2355269C002C35DD /* Frameworks */ = {
			isa = PBXFrameworksBuildPhase;
			buildActionMask = 2147483647;
			files = (
				925943AC9E2A2B5A183D629C /* Pods_Weather_Gift_App.framework in Frameworks */,
			);
			runOnlyForDeploymentPostprocessing = 0;
		};
/* End PBXFrameworksBuildPhase section */

/* Begin PBXGroup section */
		23C283592355269C002C35DD = {
			isa = PBXGroup;
			children = (
				23C283642355269C002C35DD /* Weather Gift App */,
				23C283632355269C002C35DD /* Products */,
				399D9CF75789C51D363CB650 /* Pods */,
				3132882DF7F24774301CD722 /* Frameworks */,
			);
			sourceTree = "<group>";
		};
		23C283632355269C002C35DD /* Products */ = {
			isa = PBXGroup;
			children = (
				23C283622355269C002C35DD /* Weather Gift App.app */,
			);
			name = Products;
			sourceTree = "<group>";
		};
		23C283642355269C002C35DD /* Weather Gift App */ = {
			isa = PBXGroup;
			children = (
				23C283652355269C002C35DD /* AppDelegate.swift */,
				23C2837B23552C95002C35DD /* PageVC.swift */,
				233EADF1235D5BEB00A4E248 /* WeatherLocation.swift */,
				23C2837723552733002C35DD /* DetailVC.swift */,
				23C2837923552ADA002C35DD /* ListVC.swift */,
				233EADF3235E097C00A4E248 /* Constants.swift */,
				23C283692355269C002C35DD /* Main.storyboard */,
				23C2836C2355269D002C35DD /* Assets.xcassets */,
				23C2836E2355269D002C35DD /* LaunchScreen.storyboard */,
				23C283712355269D002C35DD /* Info.plist */,
			);
			path = "Weather Gift App";
			sourceTree = "<group>";
		};
		3132882DF7F24774301CD722 /* Frameworks */ = {
			isa = PBXGroup;
			children = (
				1CBFA553C7EC5B74C5076FD5 /* Pods_Weather_Gift_App.framework */,
			);
			name = Frameworks;
			sourceTree = "<group>";
		};
		399D9CF75789C51D363CB650 /* Pods */ = {
			isa = PBXGroup;
			children = (
				2E82A65B6451EF3560CF8A82 /* Pods-Weather Gift App.debug.xcconfig */,
				7632754332A0B24C74230187 /* Pods-Weather Gift App.release.xcconfig */,
			);
			path = Pods;
			sourceTree = "<group>";
		};
/* End PBXGroup section */

/* Begin PBXNativeTarget section */
		23C283612355269C002C35DD /* Weather Gift App */ = {
			isa = PBXNativeTarget;
			buildConfigurationList = 23C283742355269D002C35DD /* Build configuration list for PBXNativeTarget "Weather Gift App" */;
			buildPhases = (
				064C75777FEF5509D3F8F1E7 /* [CP] Check Pods Manifest.lock */,
				23C2835E2355269C002C35DD /* Sources */,
				23C2835F2355269C002C35DD /* Frameworks */,
				23C283602355269C002C35DD /* Resources */,
				999299DAED4CB3B1A96832CA /* [CP] Embed Pods Frameworks */,
				7189B69568D39E6D7A980308 /* [CP] Copy Pods Resources */,
			);
			buildRules = (
			);
			dependencies = (
			);
			name = "Weather Gift App";
			productName = "Weather Gift App";
			productReference = 23C283622355269C002C35DD /* Weather Gift App.app */;
			productType = "com.apple.product-type.application";
		};
/* End PBXNativeTarget section */

/* Begin PBXProject section */
		23C2835A2355269C002C35DD /* Project object */ = {
			isa = PBXProject;
			attributes = {
				LastSwiftUpdateCheck = 1030;
				LastUpgradeCheck = 1030;
				ORGANIZATIONNAME = "Ivelisse Mandato";
				TargetAttributes = {
					23C283612355269C002C35DD = {
						CreatedOnToolsVersion = 10.3;
					};
				};
			};
			buildConfigurationList = 23C2835D2355269C002C35DD /* Build configuration list for PBXProject "Weather Gift App" */;
			compatibilityVersion = "Xcode 9.3";
			developmentRegion = en;
			hasScannedForEncodings = 0;
			knownRegions = (
				en,
				Base,
			);
			mainGroup = 23C283592355269C002C35DD;
			productRefGroup = 23C283632355269C002C35DD /* Products */;
			projectDirPath = "";
			projectRoot = "";
			targets = (
				23C283612355269C002C35DD /* Weather Gift App */,
			);
		};
/* End PBXProject section */

/* Begin PBXResourcesBuildPhase section */
		23C283602355269C002C35DD /* Resources */ = {
			isa = PBXResourcesBuildPhase;
			buildActionMask = 2147483647;
			files = (
				23C283702355269D002C35DD /* LaunchScreen.storyboard in Resources */,
				23C2836D2355269D002C35DD /* Assets.xcassets in Resources */,
				23C2836B2355269C002C35DD /* Main.storyboard in Resources */,
			);
			runOnlyForDeploymentPostprocessing = 0;
		};
/* End PBXResourcesBuildPhase section */

/* Begin PBXShellScriptBuildPhase section */
		064C75777FEF5509D3F8F1E7 /* [CP] Check Pods Manifest.lock */ = {
			isa = PBXShellScriptBuildPhase;
			buildActionMask = 2147483647;
			files = (
			);
			inputFileListPaths = (
			);
			inputPaths = (
				"${PODS_PODFILE_DIR_PATH}/Podfile.lock",
				"${PODS_ROOT}/Manifest.lock",
			);
			name = "[CP] Check Pods Manifest.lock";
			outputFileListPaths = (
			);
			outputPaths = (
				"$(DERIVED_FILE_DIR)/Pods-Weather Gift App-checkManifestLockResult.txt",
			);
			runOnlyForDeploymentPostprocessing = 0;
			shellPath = /bin/sh;
			shellScript = "diff \"${PODS_PODFILE_DIR_PATH}/Podfile.lock\" \"${PODS_ROOT}/Manifest.lock\" > /dev/null\nif [ $? != 0 ] ; then\n    # print error to STDERR\n    echo \"error: The sandbox is not in sync with the Podfile.lock. Run 'pod install' or update your CocoaPods installation.\" >&2\n    exit 1\nfi\n# This output is used by Xcode 'outputs' to avoid re-running this script phase.\necho \"SUCCESS\" > \"${SCRIPT_OUTPUT_FILE_0}\"\n";
			showEnvVarsInLog = 0;
		};
		7189B69568D39E6D7A980308 /* [CP] Copy Pods Resources */ = {
			isa = PBXShellScriptBuildPhase;
			buildActionMask = 2147483647;
			files = (
			);
			inputFileListPaths = (
				"${PODS_ROOT}/Target Support Files/Pods-Weather Gift App/Pods-Weather Gift App-resources-${CONFIGURATION}-input-files.xcfilelist",
			);
			name = "[CP] Copy Pods Resources";
			outputFileListPaths = (
				"${PODS_ROOT}/Target Support Files/Pods-Weather Gift App/Pods-Weather Gift App-resources-${CONFIGURATION}-output-files.xcfilelist",
			);
			runOnlyForDeploymentPostprocessing = 0;
			shellPath = /bin/sh;
			shellScript = "\"${PODS_ROOT}/Target Support Files/Pods-Weather Gift App/Pods-Weather Gift App-resources.sh\"\n";
			showEnvVarsInLog = 0;
		};
		999299DAED4CB3B1A96832CA /* [CP] Embed Pods Frameworks */ = {
			isa = PBXShellScriptBuildPhase;
			buildActionMask = 2147483647;
			files = (
			);
			inputFileListPaths = (
				"${PODS_ROOT}/Target Support Files/Pods-Weather Gift App/Pods-Weather Gift App-frameworks-${CONFIGURATION}-input-files.xcfilelist",
			);
			name = "[CP] Embed Pods Frameworks";
			outputFileListPaths = (
				"${PODS_ROOT}/Target Support Files/Pods-Weather Gift App/Pods-Weather Gift App-frameworks-${CONFIGURATION}-output-files.xcfilelist",
			);
			runOnlyForDeploymentPostprocessing = 0;
			shellPath = /bin/sh;
			shellScript = "\"${PODS_ROOT}/Target Support Files/Pods-Weather Gift App/Pods-Weather Gift App-frameworks.sh\"\n";
			showEnvVarsInLog = 0;
		};
/* End PBXShellScriptBuildPhase section */

/* Begin PBXSourcesBuildPhase section */
		23C2835E2355269C002C35DD /* Sources */ = {
			isa = PBXSourcesBuildPhase;
			buildActionMask = 2147483647;
			files = (
				233EADF2235D5BEB00A4E248 /* WeatherLocation.swift in Sources */,
				23C2837A23552ADA002C35DD /* ListVC.swift in Sources */,
				23C2837C23552C95002C35DD /* PageVC.swift in Sources */,
				23C283662355269C002C35DD /* AppDelegate.swift in Sources */,
				23C2837823552733002C35DD /* DetailVC.swift in Sources */,
				233EADF4235E097C00A4E248 /* Constants.swift in Sources */,
			);
			runOnlyForDeploymentPostprocessing = 0;
		};
/* End PBXSourcesBuildPhase section */

/* Begin PBXVariantGroup section */
		23C283692355269C002C35DD /* Main.storyboard */ = {
			isa = PBXVariantGroup;
			children = (
				23C2836A2355269C002C35DD /* Base */,
			);
			name = Main.storyboard;
			sourceTree = "<group>";
		};
		23C2836E2355269D002C35DD /* LaunchScreen.storyboard */ = {
			isa = PBXVariantGroup;
			children = (
				23C2836F2355269D002C35DD /* Base */,
			);
			name = LaunchScreen.storyboard;
			sourceTree = "<group>";
		};
/* End PBXVariantGroup section */

/* Begin XCBuildConfiguration section */
		23C283722355269D002C35DD /* Debug */ = {
			isa = XCBuildConfiguration;
			buildSettings = {
				ALWAYS_SEARCH_USER_PATHS = NO;
				CLANG_ANALYZER_NONNULL = YES;
				CLANG_ANALYZER_NUMBER_OBJECT_CONVERSION = YES_AGGRESSIVE;
				CLANG_CXX_LANGUAGE_STANDARD = "gnu++14";
				CLANG_CXX_LIBRARY = "libc++";
				CLANG_ENABLE_MODULES = YES;
				CLANG_ENABLE_OBJC_ARC = YES;
				CLANG_ENABLE_OBJC_WEAK = YES;
				CLANG_WARN_BLOCK_CAPTURE_AUTORELEASING = YES;
				CLANG_WARN_BOOL_CONVERSION = YES;
				CLANG_WARN_COMMA = YES;
				CLANG_WARN_CONSTANT_CONVERSION = YES;
				CLANG_WARN_DEPRECATED_OBJC_IMPLEMENTATIONS = YES;
				CLANG_WARN_DIRECT_OBJC_ISA_USAGE = YES_ERROR;
				CLANG_WARN_DOCUMENTATION_COMMENTS = YES;
				CLANG_WARN_EMPTY_BODY = YES;
				CLANG_WARN_ENUM_CONVERSION = YES;
				CLANG_WARN_INFINITE_RECURSION = YES;
				CLANG_WARN_INT_CONVERSION = YES;
				CLANG_WARN_NON_LITERAL_NULL_CONVERSION = YES;
				CLANG_WARN_OBJC_IMPLICIT_RETAIN_SELF = YES;
				CLANG_WARN_OBJC_LITERAL_CONVERSION = YES;
				CLANG_WARN_OBJC_ROOT_CLASS = YES_ERROR;
				CLANG_WARN_RANGE_LOOP_ANALYSIS = YES;
				CLANG_WARN_STRICT_PROTOTYPES = YES;
				CLANG_WARN_SUSPICIOUS_MOVE = YES;
				CLANG_WARN_UNGUARDED_AVAILABILITY = YES_AGGRESSIVE;
				CLANG_WARN_UNREACHABLE_CODE = YES;
				CLANG_WARN__DUPLICATE_METHOD_MATCH = YES;
				CODE_SIGN_IDENTITY = "iPhone Developer";
				COPY_PHASE_STRIP = NO;
				DEBUG_INFORMATION_FORMAT = dwarf;
				ENABLE_STRICT_OBJC_MSGSEND = YES;
				ENABLE_TESTABILITY = YES;
				GCC_C_LANGUAGE_STANDARD = gnu11;
				GCC_DYNAMIC_NO_PIC = NO;
				GCC_NO_COMMON_BLOCKS = YES;
				GCC_OPTIMIZATION_LEVEL = 0;
				GCC_PREPROCESSOR_DEFINITIONS = (
					"DEBUG=1",
					"$(inherited)",
				);
				GCC_WARN_64_TO_32_BIT_CONVERSION = YES;
				GCC_WARN_ABOUT_RETURN_TYPE = YES_ERROR;
				GCC_WARN_UNDECLARED_SELECTOR = YES;
				GCC_WARN_UNINITIALIZED_AUTOS = YES_AGGRESSIVE;
				GCC_WARN_UNUSED_FUNCTION = YES;
				GCC_WARN_UNUSED_VARIABLE = YES;
				IPHONEOS_DEPLOYMENT_TARGET = 12.4;
				MTL_ENABLE_DEBUG_INFO = INCLUDE_SOURCE;
				MTL_FAST_MATH = YES;
				ONLY_ACTIVE_ARCH = YES;
				SDKROOT = iphoneos;
				SWIFT_ACTIVE_COMPILATION_CONDITIONS = DEBUG;
				SWIFT_OPTIMIZATION_LEVEL = "-Onone";
			};
			name = Debug;
		};
		23C283732355269D002C35DD /* Release */ = {
			isa = XCBuildConfiguration;
			buildSettings = {
				ALWAYS_SEARCH_USER_PATHS = NO;
				CLANG_ANALYZER_NONNULL = YES;
				CLANG_ANALYZER_NUMBER_OBJECT_CONVERSION = YES_AGGRESSIVE;
				CLANG_CXX_LANGUAGE_STANDARD = "gnu++14";
				CLANG_CXX_LIBRARY = "libc++";
				CLANG_ENABLE_MODULES = YES;
				CLANG_ENABLE_OBJC_ARC = YES;
				CLANG_ENABLE_OBJC_WEAK = YES;
				CLANG_WARN_BLOCK_CAPTURE_AUTORELEASING = YES;
				CLANG_WARN_BOOL_CONVERSION = YES;
				CLANG_WARN_COMMA = YES;
				CLANG_WARN_CONSTANT_CONVERSION = YES;
				CLANG_WARN_DEPRECATED_OBJC_IMPLEMENTATIONS = YES;
				CLANG_WARN_DIRECT_OBJC_ISA_USAGE = YES_ERROR;
				CLANG_WARN_DOCUMENTATION_COMMENTS = YES;
				CLANG_WARN_EMPTY_BODY = YES;
				CLANG_WARN_ENUM_CONVERSION = YES;
				CLANG_WARN_INFINITE_RECURSION = YES;
				CLANG_WARN_INT_CONVERSION = YES;
				CLANG_WARN_NON_LITERAL_NULL_CONVERSION = YES;
				CLANG_WARN_OBJC_IMPLICIT_RETAIN_SELF = YES;
				CLANG_WARN_OBJC_LITERAL_CONVERSION = YES;
				CLANG_WARN_OBJC_ROOT_CLASS = YES_ERROR;
				CLANG_WARN_RANGE_LOOP_ANALYSIS = YES;
				CLANG_WARN_STRICT_PROTOTYPES = YES;
				CLANG_WARN_SUSPICIOUS_MOVE = YES;
				CLANG_WARN_UNGUARDED_AVAILABILITY = YES_AGGRESSIVE;
				CLANG_WARN_UNREACHABLE_CODE = YES;
				CLANG_WARN__DUPLICATE_METHOD_MATCH = YES;
				CODE_SIGN_IDENTITY = "iPhone Developer";
				COPY_PHASE_STRIP = NO;
				DEBUG_INFORMATION_FORMAT = "dwarf-with-dsym";
				ENABLE_NS_ASSERTIONS = NO;
				ENABLE_STRICT_OBJC_MSGSEND = YES;
				GCC_C_LANGUAGE_STANDARD = gnu11;
				GCC_NO_COMMON_BLOCKS = YES;
				GCC_WARN_64_TO_32_BIT_CONVERSION = YES;
				GCC_WARN_ABOUT_RETURN_TYPE = YES_ERROR;
				GCC_WARN_UNDECLARED_SELECTOR = YES;
				GCC_WARN_UNINITIALIZED_AUTOS = YES_AGGRESSIVE;
				GCC_WARN_UNUSED_FUNCTION = YES;
				GCC_WARN_UNUSED_VARIABLE = YES;
				IPHONEOS_DEPLOYMENT_TARGET = 12.4;
				MTL_ENABLE_DEBUG_INFO = NO;
				MTL_FAST_MATH = YES;
				SDKROOT = iphoneos;
				SWIFT_COMPILATION_MODE = wholemodule;
				SWIFT_OPTIMIZATION_LEVEL = "-O";
				VALIDATE_PRODUCT = YES;
			};
			name = Release;
		};
		23C283752355269D002C35DD /* Debug */ = {
			isa = XCBuildConfiguration;
			baseConfigurationReference = 2E82A65B6451EF3560CF8A82 /* Pods-Weather Gift App.debug.xcconfig */;
			buildSettings = {
				ASSETCATALOG_COMPILER_APPICON_NAME = AppIcon;
				CODE_SIGN_STYLE = Automatic;
				DEVELOPMENT_TEAM = 2YL8R88DV2;
				INFOPLIST_FILE = "Weather Gift App/Info.plist";
				IPHONEOS_DEPLOYMENT_TARGET = 9.0;
				LD_RUNPATH_SEARCH_PATHS = (
					"$(inherited)",
					"@executable_path/Frameworks",
				);
				PRODUCT_BUNDLE_IDENTIFIER = "com.Mandato.Weather-Gift-App";
				PRODUCT_NAME = "$(TARGET_NAME)";
				SWIFT_VERSION = 5.0;
				TARGETED_DEVICE_FAMILY = "1,2";
			};
			name = Debug;
		};
		23C283762355269D002C35DD /* Release */ = {
			isa = XCBuildConfiguration;
			baseConfigurationReference = 7632754332A0B24C74230187 /* Pods-Weather Gift App.release.xcconfig */;
			buildSettings = {
				ASSETCATALOG_COMPILER_APPICON_NAME = AppIcon;
				CODE_SIGN_STYLE = Automatic;
				DEVELOPMENT_TEAM = 2YL8R88DV2;
				INFOPLIST_FILE = "Weather Gift App/Info.plist";
				IPHONEOS_DEPLOYMENT_TARGET = 9.0;
				LD_RUNPATH_SEARCH_PATHS = (
					"$(inherited)",
					"@executable_path/Frameworks",
				);
				PRODUCT_BUNDLE_IDENTIFIER = "com.Mandato.Weather-Gift-App";
				PRODUCT_NAME = "$(TARGET_NAME)";
				SWIFT_VERSION = 5.0;
				TARGETED_DEVICE_FAMILY = "1,2";
			};
			name = Release;
		};
/* End XCBuildConfiguration section */

/* Begin XCConfigurationList section */
		23C2835D2355269C002C35DD /* Build configuration list for PBXProject "Weather Gift App" */ = {
			isa = XCConfigurationList;
			buildConfigurations = (
				23C283722355269D002C35DD /* Debug */,
				23C283732355269D002C35DD /* Release */,
			);
			defaultConfigurationIsVisible = 0;
			defaultConfigurationName = Release;
		};
		23C283742355269D002C35DD /* Build configuration list for PBXNativeTarget "Weather Gift App" */ = {
			isa = XCConfigurationList;
			buildConfigurations = (
				23C283752355269D002C35DD /* Debug */,
				23C283762355269D002C35DD /* Release */,
			);
			defaultConfigurationIsVisible = 0;
			defaultConfigurationName = Release;
		};
/* End XCConfigurationList section */
	};
	rootObject = 23C2835A2355269C002C35DD /* Project object */;
}
